// !$*UTF8*$!
{
	archiveVersion = 1;
	classes = {
	};
	objectVersion = 55;
	objects = {

/* Begin PBXBuildFile section */
		633BADE62817E88F0076FC94 /* AppDelegate.swift in Sources */ = {isa = PBXBuildFile; fileRef = 633BADE52817E88F0076FC94 /* AppDelegate.swift */; };
		633BADE82817E88F0076FC94 /* SceneDelegate.swift in Sources */ = {isa = PBXBuildFile; fileRef = 633BADE72817E88F0076FC94 /* SceneDelegate.swift */; };
		633BADEA2817E88F0076FC94 /* ViewController.swift in Sources */ = {isa = PBXBuildFile; fileRef = 633BADE92817E88F0076FC94 /* ViewController.swift */; };
		633BADED2817E88F0076FC94 /* Main.storyboard in Resources */ = {isa = PBXBuildFile; fileRef = 633BADEB2817E88F0076FC94 /* Main.storyboard */; };
		633BADEF2817E8930076FC94 /* Assets.xcassets in Resources */ = {isa = PBXBuildFile; fileRef = 633BADEE2817E8930076FC94 /* Assets.xcassets */; };
		633BADF22817E8930076FC94 /* LaunchScreen.storyboard in Resources */ = {isa = PBXBuildFile; fileRef = 633BADF02817E8930076FC94 /* LaunchScreen.storyboard */; };
		633BADFB2817FB6F0076FC94 /* FLEX.xcframework in Frameworks */ = {isa = PBXBuildFile; fileRef = 633BADFA2817FB6F0076FC94 /* FLEX.xcframework */; };
/* End PBXBuildFile section */

/* Begin PBXFileReference section */
		633BADE22817E88F0076FC94 /* GithubActions.app */ = {isa = PBXFileReference; explicitFileType = wrapper.application; includeInIndex = 0; path = GithubActions.app; sourceTree = BUILT_PRODUCTS_DIR; };
		633BADE52817E88F0076FC94 /* AppDelegate.swift */ = {isa = PBXFileReference; lastKnownFileType = sourcecode.swift; path = AppDelegate.swift; sourceTree = "<group>"; };
		633BADE72817E88F0076FC94 /* SceneDelegate.swift */ = {isa = PBXFileReference; lastKnownFileType = sourcecode.swift; path = SceneDelegate.swift; sourceTree = "<group>"; };
		633BADE92817E88F0076FC94 /* ViewController.swift */ = {isa = PBXFileReference; lastKnownFileType = sourcecode.swift; path = ViewController.swift; sourceTree = "<group>"; };
		633BADEC2817E88F0076FC94 /* Base */ = {isa = PBXFileReference; lastKnownFileType = file.storyboard; name = Base; path = Base.lproj/Main.storyboard; sourceTree = "<group>"; };
		633BADEE2817E8930076FC94 /* Assets.xcassets */ = {isa = PBXFileReference; lastKnownFileType = folder.assetcatalog; path = Assets.xcassets; sourceTree = "<group>"; };
		633BADF12817E8930076FC94 /* Base */ = {isa = PBXFileReference; lastKnownFileType = file.storyboard; name = Base; path = Base.lproj/LaunchScreen.storyboard; sourceTree = "<group>"; };
		633BADF32817E8930076FC94 /* Info.plist */ = {isa = PBXFileReference; lastKnownFileType = text.plist.xml; path = Info.plist; sourceTree = "<group>"; };
		633BADFA2817FB6F0076FC94 /* FLEX.xcframework */ = {isa = PBXFileReference; lastKnownFileType = wrapper.xcframework; name = FLEX.xcframework; path = Carthage/Build/FLEX.xcframework; sourceTree = "<group>"; };
/* End PBXFileReference section */

/* Begin PBXFrameworksBuildPhase section */
		633BADDF2817E88F0076FC94 /* Frameworks */ = {
			isa = PBXFrameworksBuildPhase;
			buildActionMask = 2147483647;
			files = (
				633BADFB2817FB6F0076FC94 /* FLEX.xcframework in Frameworks */,
			);
			runOnlyForDeploymentPostprocessing = 0;
		};
/* End PBXFrameworksBuildPhase section */

/* Begin PBXGroup section */
		633BADD92817E88F0076FC94 = {
			isa = PBXGroup;
			children = (
				633BADE42817E88F0076FC94 /* GithubActions */,
				633BADE32817E88F0076FC94 /* Products */,
				633BADF92817FB6F0076FC94 /* Frameworks */,
			);
			sourceTree = "<group>";
		};
		633BADE32817E88F0076FC94 /* Products */ = {
			isa = PBXGroup;
			children = (
				633BADE22817E88F0076FC94 /* GithubActions.app */,
			);
			name = Products;
			sourceTree = "<group>";
		};
		633BADE42817E88F0076FC94 /* GithubActions */ = {
			isa = PBXGroup;
			children = (
				633BADE52817E88F0076FC94 /* AppDelegate.swift */,
				633BADE72817E88F0076FC94 /* SceneDelegate.swift */,
				633BADE92817E88F0076FC94 /* ViewController.swift */,
				633BADEB2817E88F0076FC94 /* Main.storyboard */,
				633BADEE2817E8930076FC94 /* Assets.xcassets */,
				633BADF02817E8930076FC94 /* LaunchScreen.storyboard */,
				633BADF32817E8930076FC94 /* Info.plist */,
			);
			path = GithubActions;
			sourceTree = "<group>";
		};
		633BADF92817FB6F0076FC94 /* Frameworks */ = {
			isa = PBXGroup;
			children = (
				633BADFA2817FB6F0076FC94 /* FLEX.xcframework */,
			);
			name = Frameworks;
			sourceTree = "<group>";
		};
/* End PBXGroup section */

/* Begin PBXNativeTarget section */
		633BADE12817E88F0076FC94 /* GithubActions */ = {
			isa = PBXNativeTarget;
			buildConfigurationList = 633BADF62817E8930076FC94 /* Build configuration list for PBXNativeTarget "GithubActions" */;
			buildPhases = (
				633BADDE2817E88F0076FC94 /* Sources */,
				633BADDF2817E88F0076FC94 /* Frameworks */,
				633BADE02817E88F0076FC94 /* Resources */,
			);
			buildRules = (
			);
			dependencies = (
			);
			name = GithubActions;
			productName = GithubActions;
			productReference = 633BADE22817E88F0076FC94 /* GithubActions.app */;
			productType = "com.apple.product-type.application";
		};
/* End PBXNativeTarget section */

/* Begin PBXProject section */
		633BADDA2817E88F0076FC94 /* Project object */ = {
			isa = PBXProject;
			attributes = {
				BuildIndependentTargetsInParallel = 1;
				LastSwiftUpdateCheck = 1320;
				LastUpgradeCheck = 1320;
				TargetAttributes = {
					633BADE12817E88F0076FC94 = {
						CreatedOnToolsVersion = 13.2;
					};
				};
			};
			buildConfigurationList = 633BADDD2817E88F0076FC94 /* Build configuration list for PBXProject "GithubActions" */;
			compatibilityVersion = "Xcode 13.0";
			developmentRegion = en;
			hasScannedForEncodings = 0;
			knownRegions = (
				en,
				Base,
			);
			mainGroup = 633BADD92817E88F0076FC94;
			productRefGroup = 633BADE32817E88F0076FC94 /* Products */;
			projectDirPath = "";
			projectRoot = "";
			targets = (
				633BADE12817E88F0076FC94 /* GithubActions */,
			);
		};
/* End PBXProject section */

/* Begin PBXResourcesBuildPhase section */
		633BADE02817E88F0076FC94 /* Resources */ = {
			isa = PBXResourcesBuildPhase;
			buildActionMask = 2147483647;
			files = (
				633BADF22817E8930076FC94 /* LaunchScreen.storyboard in Resources */,
				633BADEF2817E8930076FC94 /* Assets.xcassets in Resources */,
				633BADED2817E88F0076FC94 /* Main.storyboard in Resources */,
			);
			runOnlyForDeploymentPostprocessing = 0;
		};
/* End PBXResourcesBuildPhase section */

/* Begin PBXSourcesBuildPhase section */
		633BADDE2817E88F0076FC94 /* Sources */ = {
			isa = PBXSourcesBuildPhase;
			buildActionMask = 2147483647;
			files = (
				633BADEA2817E88F0076FC94 /* ViewController.swift in Sources */,
				633BADE62817E88F0076FC94 /* AppDelegate.swift in Sources */,
				633BADE82817E88F0076FC94 /* SceneDelegate.swift in Sources */,
			);
			runOnlyForDeploymentPostprocessing = 0;
		};
/* End PBXSourcesBuildPhase section */

/* Begin PBXVariantGroup section */
		633BADEB2817E88F0076FC94 /* Main.storyboard */ = {
			isa = PBXVariantGroup;
			children = (
				633BADEC2817E88F0076FC94 /* Base */,
			);
			name = Main.storyboard;
			sourceTree = "<group>";
		};
		633BADF02817E8930076FC94 /* LaunchScreen.storyboard */ = {
			isa = PBXVariantGroup;
			children = (
				633BADF12817E8930076FC94 /* Base */,
			);
			name = LaunchScreen.storyboard;
			sourceTree = "<group>";
		};
/* End PBXVariantGroup section */

/* Begin XCBuildConfiguration section */
		633BADF42817E8930076FC94 /* Debug */ = {
			isa = XCBuildConfiguration;
			buildSettings = {
				ALWAYS_SEARCH_USER_PATHS = NO;
				CLANG_ANALYZER_NONNULL = YES;
				CLANG_ANALYZER_NUMBER_OBJECT_CONVERSION = YES_AGGRESSIVE;
				CLANG_CXX_LANGUAGE_STANDARD = "gnu++17";
				CLANG_CXX_LIBRARY = "libc++";
				CLANG_ENABLE_MODULES = YES;
				CLANG_ENABLE_OBJC_ARC = YES;
				CLANG_ENABLE_OBJC_WEAK = YES;
				CLANG_WARN_BLOCK_CAPTURE_AUTORELEASING = YES;
				CLANG_WARN_BOOL_CONVERSION = YES;
				CLANG_WARN_COMMA = YES;
				CLANG_WARN_CONSTANT_CONVERSION = YES;
				CLANG_WARN_DEPRECATED_OBJC_IMPLEMENTATIONS = YES;
				CLANG_WARN_DIRECT_OBJC_ISA_USAGE = YES_ERROR;
				CLANG_WARN_DOCUMENTATION_COMMENTS = YES;
				CLANG_WARN_EMPTY_BODY = YES;
				CLANG_WARN_ENUM_CONVERSION = YES;
				CLANG_WARN_INFINITE_RECURSION = YES;
				CLANG_WARN_INT_CONVERSION = YES;
				CLANG_WARN_NON_LITERAL_NULL_CONVERSION = YES;
				CLANG_WARN_OBJC_IMPLICIT_RETAIN_SELF = YES;
				CLANG_WARN_OBJC_LITERAL_CONVERSION = YES;
				CLANG_WARN_OBJC_ROOT_CLASS = YES_ERROR;
				CLANG_WARN_QUOTED_INCLUDE_IN_FRAMEWORK_HEADER = YES;
				CLANG_WARN_RANGE_LOOP_ANALYSIS = YES;
				CLANG_WARN_STRICT_PROTOTYPES = YES;
				CLANG_WARN_SUSPICIOUS_MOVE = YES;
				CLANG_WARN_UNGUARDED_AVAILABILITY = YES_AGGRESSIVE;
				CLANG_WARN_UNREACHABLE_CODE = YES;
				CLANG_WARN__DUPLICATE_METHOD_MATCH = YES;
				COPY_PHASE_STRIP = NO;
				DEBUG_INFORMATION_FORMAT = dwarf;
				ENABLE_STRICT_OBJC_MSGSEND = YES;
				ENABLE_TESTABILITY = YES;
				GCC_C_LANGUAGE_STANDARD = gnu11;
				GCC_DYNAMIC_NO_PIC = NO;
				GCC_NO_COMMON_BLOCKS = YES;
				GCC_OPTIMIZATION_LEVEL = 0;
				GCC_PREPROCESSOR_DEFINITIONS = (
					"DEBUG=1",
					"$(inherited)",
				);
				GCC_WARN_64_TO_32_BIT_CONVERSION = YES;
				GCC_WARN_ABOUT_RETURN_TYPE = YES_ERROR;
				GCC_WARN_UNDECLARED_SELECTOR = YES;
				GCC_WARN_UNINITIALIZED_AUTOS = YES_AGGRESSIVE;
				GCC_WARN_UNUSED_FUNCTION = YES;
				GCC_WARN_UNUSED_VARIABLE = YES;
				IPHONEOS_DEPLOYMENT_TARGET = 15.2;
				MTL_ENABLE_DEBUG_INFO = INCLUDE_SOURCE;
				MTL_FAST_MATH = YES;
				ONLY_ACTIVE_ARCH = YES;
				SDKROOT = iphoneos;
				SWIFT_ACTIVE_COMPILATION_CONDITIONS = DEBUG;
				SWIFT_OPTIMIZATION_LEVEL = "-Onone";
			};
			name = Debug;
		};
		633BADF52817E8930076FC94 /* Release */ = {
			isa = XCBuildConfiguration;
			buildSettings = {
				ALWAYS_SEARCH_USER_PATHS = NO;
				CLANG_ANALYZER_NONNULL = YES;
				CLANG_ANALYZER_NUMBER_OBJECT_CONVERSION = YES_AGGRESSIVE;
				CLANG_CXX_LANGUAGE_STANDARD = "gnu++17";
				CLANG_CXX_LIBRARY = "libc++";
				CLANG_ENABLE_MODULES = YES;
				CLANG_ENABLE_OBJC_ARC = YES;
				CLANG_ENABLE_OBJC_WEAK = YES;
				CLANG_WARN_BLOCK_CAPTURE_AUTORELEASING = YES;
				CLANG_WARN_BOOL_CONVERSION = YES;
				CLANG_WARN_COMMA = YES;
				CLANG_WARN_CONSTANT_CONVERSION = YES;
				CLANG_WARN_DEPRECATED_OBJC_IMPLEMENTATIONS = YES;
				CLANG_WARN_DIRECT_OBJC_ISA_USAGE = YES_ERROR;
				CLANG_WARN_DOCUMENTATION_COMMENTS = YES;
				CLANG_WARN_EMPTY_BODY = YES;
				CLANG_WARN_ENUM_CONVERSION = YES;
				CLANG_WARN_INFINITE_RECURSION = YES;
				CLANG_WARN_INT_CONVERSION = YES;
				CLANG_WARN_NON_LITERAL_NULL_CONVERSION = YES;
				CLANG_WARN_OBJC_IMPLICIT_RETAIN_SELF = YES;
				CLANG_WARN_OBJC_LITERAL_CONVERSION = YES;
				CLANG_WARN_OBJC_ROOT_CLASS = YES_ERROR;
				CLANG_WARN_QUOTED_INCLUDE_IN_FRAMEWORK_HEADER = YES;
				CLANG_WARN_RANGE_LOOP_ANALYSIS = YES;
				CLANG_WARN_STRICT_PROTOTYPES = YES;
				CLANG_WARN_SUSPICIOUS_MOVE = YES;
				CLANG_WARN_UNGUARDED_AVAILABILITY = YES_AGGRESSIVE;
				CLANG_WARN_UNREACHABLE_CODE = YES;
				CLANG_WARN__DUPLICATE_METHOD_MATCH = YES;
				COPY_PHASE_STRIP = NO;
				DEBUG_INFORMATION_FORMAT = "dwarf-with-dsym";
				ENABLE_NS_ASSERTIONS = NO;
				ENABLE_STRICT_OBJC_MSGSEND = YES;
				GCC_C_LANGUAGE_STANDARD = gnu11;
				GCC_NO_COMMON_BLOCKS = YES;
				GCC_WARN_64_TO_32_BIT_CONVERSION = YES;
				GCC_WARN_ABOUT_RETURN_TYPE = YES_ERROR;
				GCC_WARN_UNDECLARED_SELECTOR = YES;
				GCC_WARN_UNINITIALIZED_AUTOS = YES_AGGRESSIVE;
				GCC_WARN_UNUSED_FUNCTION = YES;
				GCC_WARN_UNUSED_VARIABLE = YES;
				IPHONEOS_DEPLOYMENT_TARGET = 15.2;
				MTL_ENABLE_DEBUG_INFO = NO;
				MTL_FAST_MATH = YES;
				SDKROOT = iphoneos;
				SWIFT_COMPILATION_MODE = wholemodule;
				SWIFT_OPTIMIZATION_LEVEL = "-O";
				VALIDATE_PRODUCT = YES;
			};
			name = Release;
		};
		633BADF72817E8930076FC94 /* Debug */ = {
			isa = XCBuildConfiguration;
			buildSettings = {
				ASSETCATALOG_COMPILER_APPICON_NAME = AppIcon;
				ASSETCATALOG_COMPILER_GLOBAL_ACCENT_COLOR_NAME = AccentColor;
				CODE_SIGN_STYLE = Automatic;
				CURRENT_PROJECT_VERSION = 1;
				DEVELOPMENT_TEAM = 5N3VTGCRW9;
				GENERATE_INFOPLIST_FILE = YES;
				INFOPLIST_FILE = GithubActions/Info.plist;
				INFOPLIST_KEY_UIApplicationSupportsIndirectInputEvents = YES;
				INFOPLIST_KEY_UILaunchStoryboardName = LaunchScreen;
				INFOPLIST_KEY_UIMainStoryboardFile = Main;
				INFOPLIST_KEY_UISupportedInterfaceOrientations_iPad = "UIInterfaceOrientationPortrait UIInterfaceOrientationPortraitUpsideDown UIInterfaceOrientationLandscapeLeft UIInterfaceOrientationLandscapeRight";
				INFOPLIST_KEY_UISupportedInterfaceOrientations_iPhone = "UIInterfaceOrientationPortrait UIInterfaceOrientationLandscapeLeft UIInterfaceOrientationLandscapeRight";
				LD_RUNPATH_SEARCH_PATHS = (
					"$(inherited)",
					"@executable_path/Frameworks",
				);
				MARKETING_VERSION = 1.0;
				PRODUCT_BUNDLE_IDENTIFIER = com.break.GithubActions;
				PRODUCT_NAME = "$(TARGET_NAME)";
				SWIFT_EMIT_LOC_STRINGS = YES;
				SWIFT_VERSION = 5.0;
				TARGETED_DEVICE_FAMILY = "1,2";
			};
			name = Debug;
		};
		633BADF82817E8930076FC94 /* Release */ = {
			isa = XCBuildConfiguration;
			buildSettings = {
				ASSETCATALOG_COMPILER_APPICON_NAME = AppIcon;
				ASSETCATALOG_COMPILER_GLOBAL_ACCENT_COLOR_NAME = AccentColor;
				CODE_SIGN_STYLE = Automatic;
				CURRENT_PROJECT_VERSION = 1;
				DEVELOPMENT_TEAM = 5N3VTGCRW9;
				GENERATE_INFOPLIST_FILE = YES;
				INFOPLIST_FILE = GithubActions/Info.plist;
				INFOPLIST_KEY_UIApplicationSupportsIndirectInputEvents = YES;
				INFOPLIST_KEY_UILaunchStoryboardName = LaunchScreen;
				INFOPLIST_KEY_UIMainStoryboardFile = Main;
				INFOPLIST_KEY_UISupportedInterfaceOrientations_iPad = "UIInterfaceOrientationPortrait UIInterfaceOrientationPortraitUpsideDown UIInterfaceOrientationLandscapeLeft UIInterfaceOrientationLandscapeRight";
				INFOPLIST_KEY_UISupportedInterfaceOrientations_iPhone = "UIInterfaceOrientationPortrait UIInterfaceOrientationLandscapeLeft UIInterfaceOrientationLandscapeRight";
				LD_RUNPATH_SEARCH_PATHS = (
					"$(inherited)",
					"@executable_path/Frameworks",
				);
				MARKETING_VERSION = 1.0;
				PRODUCT_BUNDLE_IDENTIFIER = com.break.GithubActions;
				PRODUCT_NAME = "$(TARGET_NAME)";
				SWIFT_EMIT_LOC_STRINGS = YES;
				SWIFT_VERSION = 5.0;
				TARGETED_DEVICE_FAMILY = "1,2";
			};
			name = Release;
		};
/* End XCBuildConfiguration section */

/* Begin XCConfigurationList section */
		633BADDD2817E88F0076FC94 /* Build configuration list for PBXProject "GithubActions" */ = {
			isa = XCConfigurationList;
			buildConfigurations = (
				633BADF42817E8930076FC94 /* Debug */,
				633BADF52817E8930076FC94 /* Release */,
			);
			defaultConfigurationIsVisible = 0;
			defaultConfigurationName = Release;
		};
		633BADF62817E8930076FC94 /* Build configuration list for PBXNativeTarget "GithubActions" */ = {
			isa = XCConfigurationList;
			buildConfigurations = (
				633BADF72817E8930076FC94 /* Debug */,
				633BADF82817E8930076FC94 /* Release */,
			);
			defaultConfigurationIsVisible = 0;
			defaultConfigurationName = Release;
		};
/* End XCConfigurationList section */
	};
	rootObject = 633BADDA2817E88F0076FC94 /* Project object */;
}
